
Microsoft Visual Studio Solution File, Format Version 12.00
# Visual Studio Version 16
VisualStudioVersion = 16.0.31025.194
MinimumVisualStudioVersion = 10.0.40219.1
Project("{9A19103F-16F7-4668-BE54-9A1E7A4F7556}") = "MyServiceWeb", "MyServiceWeb.csproj", "{951A4B52-0E42-4822-9640-E42A93C83ED7}"
EndProject
Global
	GlobalSection(SolutionConfigurationPlatforms) = preSolution
		Debug|Any CPU = Debug|Any CPU
		Release|Any CPU = Release|Any CPU
	EndGlobalSection
	GlobalSection(ProjectConfigurationPlatforms) = postSolution
		{951A4B52-0E42-4822-9640-E42A93C83ED7}.Debug|Any CPU.ActiveCfg = Debug|Any CPU
		{951A4B52-0E42-4822-9640-E42A93C83ED7}.Debug|Any CPU.Build.0 = Debug|Any CPU
		{951A4B52-0E42-4822-9640-E42A93C83ED7}.Release|Any CPU.ActiveCfg = Release|Any CPU
		{951A4B52-0E42-4822-9640-E42A93C83ED7}.Release|Any CPU.Build.0 = Release|Any CPU
	EndGlobalSection
	GlobalSection(SolutionProperties) = preSolution
		HideSolutionNode = FALSE
	EndGlobalSection
	GlobalSection(ExtensibilityGlobals) = postSolution
		SolutionGuid = {54CE8FF9-AE19-4843-80DC-EFAE16EE0B3C}
	EndGlobalSection
EndGlobal
